
Microsoft Visual Studio Solution File, Format Version 12.00
# Visual Studio 2012
Project("{8BC9CEB8-8B4A-11D0-8D11-00A0C91BC942}") = "input-test", "input-test.vcxproj", "{69509512-BF67-43F1-9888-E6EAB6744DF5}"
EndProject
Global
	GlobalSection(SolutionConfigurationPlatforms) = preSolution
		Debug|Win32 = Debug|Win32
		Release|Win32 = Release|Win32
	EndGlobalSection
	GlobalSection(ProjectConfigurationPlatforms) = postSolution
		{69509512-BF67-43F1-9888-E6EAB6744DF5}.Debug|Win32.ActiveCfg = Debug|Win32
		{69509512-BF67-43F1-9888-E6EAB6744DF5}.Debug|Win32.Build.0 = Debug|Win32
		{69509512-BF67-43F1-9888-E6EAB6744DF5}.Release|Win32.ActiveCfg = Release|Win32
		{69509512-BF67-43F1-9888-E6EAB6744DF5}.Release|Win32.Build.0 = Release|Win32
	EndGlobalSection
	GlobalSection(SolutionProperties) = preSolution
		HideSolutionNode = FALSE
	EndGlobalSection
EndGlobal
